
Microsoft Visual Studio Solution File, Format Version 12.00
# Visual Studio Version 17
VisualStudioVersion = 17.0.32112.339
MinimumVisualStudioVersion = 10.0.40219.1
Project("{FAE04EC0-301F-11D3-BF4B-00C04F79EFBC}") = "Testproject", "Testproject\Testproject.csproj", "{C7414AFF-E24C-4FEF-8608-04B59A7EA142}"
EndProject
Global
	GlobalSection(SolutionConfigurationPlatforms) = preSolution
		Debug|Any CPU = Debug|Any CPU
		Release|Any CPU = Release|Any CPU
	EndGlobalSection
	GlobalSection(ProjectConfigurationPlatforms) = postSolution
		{C7414AFF-E24C-4FEF-8608-04B59A7EA142}.Debug|Any CPU.ActiveCfg = Debug|Any CPU
		{C7414AFF-E24C-4FEF-8608-04B59A7EA142}.Debug|Any CPU.Build.0 = Debug|Any CPU
		{C7414AFF-E24C-4FEF-8608-04B59A7EA142}.Release|Any CPU.ActiveCfg = Release|Any CPU
		{C7414AFF-E24C-4FEF-8608-04B59A7EA142}.Release|Any CPU.Build.0 = Release|Any CPU
	EndGlobalSection
	GlobalSection(SolutionProperties) = preSolution
		HideSolutionNode = FALSE
	EndGlobalSection
	GlobalSection(ExtensibilityGlobals) = postSolution
		SolutionGuid = {A0D08752-B14E-46C6-9812-26667E425298}
	EndGlobalSection
EndGlobal
